
Microsoft Visual Studio Solution File, Format Version 12.00
# Visual Studio 14
VisualStudioVersion = 14.0.25420.1
MinimumVisualStudioVersion = 10.0.40219.1
Project("{FAE04EC0-301F-11D3-BF4B-00C04F79EFBC}") = "PollQuestionnaire.UI.Web", "PollQuestionnaire.UI.Web\PollQuestionnaire.UI.Web.csproj", "{5C409B1F-F302-4673-9C17-E60614B49501}"
EndProject
Project("{FAE04EC0-301F-11D3-BF4B-00C04F79EFBC}") = "Questionnaire.Data", "Questionnaire.Data\Questionnaire.Data.csproj", "{71AACCA2-88A4-4342-8516-87823A864401}"
EndProject
Project("{FAE04EC0-301F-11D3-BF4B-00C04F79EFBC}") = "Questionnaire.DataBroker", "Questionnaire.DataBroker\Questionnaire.DataBroker.csproj", "{2A3C8FAE-5088-459A-BB8E-FF2B6652951C}"
EndProject
Global
	GlobalSection(SolutionConfigurationPlatforms) = preSolution
		Debug|Any CPU = Debug|Any CPU
		Release|Any CPU = Release|Any CPU
	EndGlobalSection
	GlobalSection(ProjectConfigurationPlatforms) = postSolution
		{5C409B1F-F302-4673-9C17-E60614B49501}.Debug|Any CPU.ActiveCfg = Debug|Any CPU
		{5C409B1F-F302-4673-9C17-E60614B49501}.Debug|Any CPU.Build.0 = Debug|Any CPU
		{5C409B1F-F302-4673-9C17-E60614B49501}.Release|Any CPU.ActiveCfg = Release|Any CPU
		{5C409B1F-F302-4673-9C17-E60614B49501}.Release|Any CPU.Build.0 = Release|Any CPU
		{71AACCA2-88A4-4342-8516-87823A864401}.Debug|Any CPU.ActiveCfg = Debug|Any CPU
		{71AACCA2-88A4-4342-8516-87823A864401}.Debug|Any CPU.Build.0 = Debug|Any CPU
		{71AACCA2-88A4-4342-8516-87823A864401}.Release|Any CPU.ActiveCfg = Release|Any CPU
		{71AACCA2-88A4-4342-8516-87823A864401}.Release|Any CPU.Build.0 = Release|Any CPU
		{2A3C8FAE-5088-459A-BB8E-FF2B6652951C}.Debug|Any CPU.ActiveCfg = Debug|Any CPU
		{2A3C8FAE-5088-459A-BB8E-FF2B6652951C}.Debug|Any CPU.Build.0 = Debug|Any CPU
		{2A3C8FAE-5088-459A-BB8E-FF2B6652951C}.Release|Any CPU.ActiveCfg = Release|Any CPU
		{2A3C8FAE-5088-459A-BB8E-FF2B6652951C}.Release|Any CPU.Build.0 = Release|Any CPU
	EndGlobalSection
	GlobalSection(SolutionProperties) = preSolution
		HideSolutionNode = FALSE
	EndGlobalSection
EndGlobal
